features:
  cmd: python train/create_datase.py
  deps:
  - path: train/create_datase.py
    md5: 492739f85b35015b72043aca96f8da0c
  outs:
  - path: assets/data
    md5: 8cb343e203e5aaad56b8adce6ef887ad.dir
extract_features:
  cmd: python train/extract_features.py
  deps:
  - path: assets/data
    md5: 8cb343e203e5aaad56b8adce6ef887ad.dir
  - path: train/extract_features.py
    md5: a3f0c94fa29a2d3c590529de2e3e95ff
  outs:
  - path: assets/features
    md5: df4bb5a4d3b0ead8bd09cbbe388db06d.dir
train_model:
  cmd: python train/train_model.py
  deps:
  - path: assets/features
    md5: df4bb5a4d3b0ead8bd09cbbe388db06d.dir
  - path: train/train_model.py
    md5: 16c98557c9cf4e31fb6b5bcda360cfe2
  outs:
  - path: assets/models
    md5: a3603ec8fe0a9c06b0bdeda651a54ef3.dir
evaluation:
  cmd: python train/evaluate_model.py
  deps:
  - path: assets/features
    md5: df4bb5a4d3b0ead8bd09cbbe388db06d.dir
  - path: assets/models
    md5: a3603ec8fe0a9c06b0bdeda651a54ef3.dir
  - path: train/evaluate_model.py
    md5: d81bcd3f406e1c7bfcf2cd023aeedcbc
  outs:
  - path: assets/metrics.json
    md5: 772afcd1ee865cf6a73be04f7d567e56
